{
  "name": "pi-broadcaster",
  "version": "1.0.0",
  "lockfileVersion": 2,
  "requires": true,
  "packages": {
    "": {
      "name": "pi-broadcaster",
      "version": "1.0.0",
      "license": "GPL-3.0",
      "dependencies": {
        "internet-available": "^1.0.0"
      }
    },
    "node_modules/dns-packet": {
      "version": "1.3.4",
      "resolved": "https://registry.npmjs.org/dns-packet/-/dns-packet-1.3.4.tgz",
      "integrity": "sha512-BQ6F4vycLXBvdrJZ6S3gZewt6rcrks9KBgM9vrhW+knGRqc8uEdT7fuCwloc7nny5xNoMJ17HGH0R/6fpo8ECA==",
      "dependencies": {
        "ip": "^1.1.0",
        "safe-buffer": "^5.0.1"
      }
    },
    "node_modules/dns-socket": {
      "version": "1.6.3",
      "resolved": "https://registry.npmjs.org/dns-socket/-/dns-socket-1.6.3.tgz",
      "integrity": "sha512-/mUy3VGqIP69dAZjh2xxHXcpK9wk2Len1Dxz8mWAdrIgFC8tnR/aQAyU4a+UTXzOcTvEvGBdp1zFiwnpWKaXng==",
      "dependencies": {
        "dns-packet": "^1.1.0"
      }
    },
    "node_modules/internet-available": {
      "version": "1.0.0",
      "resolved": "https://registry.npmjs.org/internet-available/-/internet-available-1.0.0.tgz",
      "integrity": "sha512-jjQa6/nRKU01TlMDL4Ksxtp409PHhnTMByz8/9leJLh1xxO2Dpi6gRNH5UrDi7nW2oaluJWN7VX2IXcxsoER6A==",
      "dependencies": {
        "dns-socket": "^1.6.1"
      }
    },
    "node_modules/ip": {
      "version": "1.1.8",
      "resolved": "https://registry.npmjs.org/ip/-/ip-1.1.8.tgz",
      "integrity": "sha512-PuExPYUiu6qMBQb4l06ecm6T6ujzhmh+MeJcW9wa89PoAz5pvd4zPgN5WJV104mb6S2T1AwNIAaB70JNrLQWhg=="
    },
    "node_modules/safe-buffer": {
      "version": "5.2.1",
      "resolved": "https://registry.npmjs.org/safe-buffer/-/safe-buffer-5.2.1.tgz",
      "integrity": "sha512-rp3So07KcdmmKbGvgaNxQSJr7bGVSVk5S9Eq1F+ppbRo70+YeaDxkw5Dd8NPN+GD6bjnYm2VuPuCXmpuYvmCXQ==",
      "funding": [
        {
          "type": "github",
          "url": "https://github.com/sponsors/feross"
        },
        {
          "type": "patreon",
          "url": "https://www.patreon.com/feross"
        },
        {
          "type": "consulting",
          "url": "https://feross.org/support"
        }
      ]
    }
  },
  "dependencies": {
    "dns-packet": {
      "version": "1.3.4",
      "resolved": "https://registry.npmjs.org/dns-packet/-/dns-packet-1.3.4.tgz",
      "integrity": "sha512-BQ6F4vycLXBvdrJZ6S3gZewt6rcrks9KBgM9vrhW+knGRqc8uEdT7fuCwloc7nny5xNoMJ17HGH0R/6fpo8ECA==",
      "requires": {
        "ip": "^1.1.0",
        "safe-buffer": "^5.0.1"
      }
    },
    "dns-socket": {
      "version": "1.6.3",
      "resolved": "https://registry.npmjs.org/dns-socket/-/dns-socket-1.6.3.tgz",
      "integrity": "sha512-/mUy3VGqIP69dAZjh2xxHXcpK9wk2Len1Dxz8mWAdrIgFC8tnR/aQAyU4a+UTXzOcTvEvGBdp1zFiwnpWKaXng==",
      "requires": {
        "dns-packet": "^1.1.0"
      }
    },
    "internet-available": {
      "version": "1.0.0",
      "resolved": "https://registry.npmjs.org/internet-available/-/internet-available-1.0.0.tgz",
      "integrity": "sha512-jjQa6/nRKU01TlMDL4Ksxtp409PHhnTMByz8/9leJLh1xxO2Dpi6gRNH5UrDi7nW2oaluJWN7VX2IXcxsoER6A==",
      "requires": {
        "dns-socket": "^1.6.1"
      }
    },
    "ip": {
      "version": "1.1.8",
      "resolved": "https://registry.npmjs.org/ip/-/ip-1.1.8.tgz",
      "integrity": "sha512-PuExPYUiu6qMBQb4l06ecm6T6ujzhmh+MeJcW9wa89PoAz5pvd4zPgN5WJV104mb6S2T1AwNIAaB70JNrLQWhg=="
    },
    "safe-buffer": {
      "version": "5.2.1",
      "resolved": "https://registry.npmjs.org/safe-buffer/-/safe-buffer-5.2.1.tgz",
      "integrity": "sha512-rp3So07KcdmmKbGvgaNxQSJr7bGVSVk5S9Eq1F+ppbRo70+YeaDxkw5Dd8NPN+GD6bjnYm2VuPuCXmpuYvmCXQ=="
    }
  }
}
